// !$*UTF8*$!
{
	archiveVersion = 1;
	classes = {
	};
	objectVersion = 55;
	objects = {

/* Begin PBXBuildFile section */
		FA084C4029ADB655001B1E16 /* AppDelegate.swift in Sources */ = {isa = PBXBuildFile; fileRef = FA084C3F29ADB655001B1E16 /* AppDelegate.swift */; };
		FA084C4229ADB655001B1E16 /* SceneDelegate.swift in Sources */ = {isa = PBXBuildFile; fileRef = FA084C4129ADB655001B1E16 /* SceneDelegate.swift */; };
		FA084C4729ADB655001B1E16 /* Main.storyboard in Resources */ = {isa = PBXBuildFile; fileRef = FA084C4529ADB655001B1E16 /* Main.storyboard */; };
		FA084C4929ADB656001B1E16 /* Assets.xcassets in Resources */ = {isa = PBXBuildFile; fileRef = FA084C4829ADB656001B1E16 /* Assets.xcassets */; };
		FA084C4C29ADB656001B1E16 /* LaunchScreen.storyboard in Resources */ = {isa = PBXBuildFile; fileRef = FA084C4A29ADB656001B1E16 /* LaunchScreen.storyboard */; };
		FA084C5529ADB86D001B1E16 /* MenuBarController.swift in Sources */ = {isa = PBXBuildFile; fileRef = FA084C5429ADB86D001B1E16 /* MenuBarController.swift */; };
		FA084C5729ADBA81001B1E16 /* AllInOnewViewController.swift in Sources */ = {isa = PBXBuildFile; fileRef = FA084C5629ADBA81001B1E16 /* AllInOnewViewController.swift */; };
		FACC1EB829ADFA470007E645 /* DemoCollectionViewController.swift in Sources */ = {isa = PBXBuildFile; fileRef = FACC1EB729ADFA470007E645 /* DemoCollectionViewController.swift */; };
		FACC1EBB29ADFBC50007E645 /* TableViewCell.swift in Sources */ = {isa = PBXBuildFile; fileRef = FACC1EBA29ADFBC50007E645 /* TableViewCell.swift */; };
		FACC1EBD29ADFF0B0007E645 /* DemoTableViewController.swift in Sources */ = {isa = PBXBuildFile; fileRef = FACC1EBC29ADFF0B0007E645 /* DemoTableViewController.swift */; };
		FACC1EC029ADFF690007E645 /* Recipe.swift in Sources */ = {isa = PBXBuildFile; fileRef = FACC1EBF29ADFF690007E645 /* Recipe.swift */; };
		FACC1ED229ADFF8A0007E645 /* egg_benedict.jpg in Resources */ = {isa = PBXBuildFile; fileRef = FACC1EC229ADFF8A0007E645 /* egg_benedict.jpg */; };
		FACC1ED329ADFF8A0007E645 /* thai_shrimp_cake.jpg in Resources */ = {isa = PBXBuildFile; fileRef = FACC1EC329ADFF8A0007E645 /* thai_shrimp_cake.jpg */; };
		FACC1ED429ADFF8A0007E645 /* vegetable_curry.jpg in Resources */ = {isa = PBXBuildFile; fileRef = FACC1EC429ADFF8A0007E645 /* vegetable_curry.jpg */; };
		FACC1ED529ADFF8A0007E645 /* green_tea.jpg in Resources */ = {isa = PBXBuildFile; fileRef = FACC1EC529ADFF8A0007E645 /* green_tea.jpg */; };
		FACC1ED629ADFF8A0007E645 /* white_chocolate_donut.jpg in Resources */ = {isa = PBXBuildFile; fileRef = FACC1EC629ADFF8A0007E645 /* white_chocolate_donut.jpg */; };
		FACC1ED729ADFF8A0007E645 /* ham_and_egg_sandwich.jpg in Resources */ = {isa = PBXBuildFile; fileRef = FACC1EC729ADFF8A0007E645 /* ham_and_egg_sandwich.jpg */; };
		FACC1ED829ADFF8A0007E645 /* creme_brelee.jpg in Resources */ = {isa = PBXBuildFile; fileRef = FACC1EC829ADFF8A0007E645 /* creme_brelee.jpg */; };
		FACC1ED929ADFF8A0007E645 /* hamburger.jpg in Resources */ = {isa = PBXBuildFile; fileRef = FACC1EC929ADFF8A0007E645 /* hamburger.jpg */; };
		FACC1EDA29ADFF8A0007E645 /* angry_birds_cake.jpg in Resources */ = {isa = PBXBuildFile; fileRef = FACC1ECA29ADFF8A0007E645 /* angry_birds_cake.jpg */; };
		FACC1EDB29ADFF8A0007E645 /* full_breakfast.jpg in Resources */ = {isa = PBXBuildFile; fileRef = FACC1ECB29ADFF8A0007E645 /* full_breakfast.jpg */; };
		FACC1EDC29ADFF8A0007E645 /* mushroom_risotto.jpg in Resources */ = {isa = PBXBuildFile; fileRef = FACC1ECC29ADFF8A0007E645 /* mushroom_risotto.jpg */; };
		FACC1EDD29ADFF8A0007E645 /* starbucks_coffee.jpg in Resources */ = {isa = PBXBuildFile; fileRef = FACC1ECD29ADFF8A0007E645 /* starbucks_coffee.jpg */; };
		FACC1EDE29ADFF8A0007E645 /* japanese_noodle_with_pork.jpg in Resources */ = {isa = PBXBuildFile; fileRef = FACC1ECE29ADFF8A0007E645 /* japanese_noodle_with_pork.jpg */; };
		FACC1EDF29ADFF8A0007E645 /* instant_noodle_with_egg.jpg in Resources */ = {isa = PBXBuildFile; fileRef = FACC1ECF29ADFF8A0007E645 /* instant_noodle_with_egg.jpg */; };
		FACC1EE029ADFF8A0007E645 /* ham_and_cheese_panini.jpg in Resources */ = {isa = PBXBuildFile; fileRef = FACC1ED029ADFF8A0007E645 /* ham_and_cheese_panini.jpg */; };
		FACC1EE129ADFF8A0007E645 /* noodle_with_bbq_pork.jpg in Resources */ = {isa = PBXBuildFile; fileRef = FACC1ED129ADFF8A0007E645 /* noodle_with_bbq_pork.jpg */; };
		FACC1EE329AE00E40007E645 /* DemoCollectionViewCell.swift in Sources */ = {isa = PBXBuildFile; fileRef = FACC1EE229AE00E40007E645 /* DemoCollectionViewCell.swift */; };
		FACC1EE529AE08160007E645 /* PickerViewController.swift in Sources */ = {isa = PBXBuildFile; fileRef = FACC1EE429AE08160007E645 /* PickerViewController.swift */; };
/* End PBXBuildFile section */

/* Begin PBXFileReference section */
		FA084C3C29ADB655001B1E16 /* All type of view.app */ = {isa = PBXFileReference; explicitFileType = wrapper.application; includeInIndex = 0; path = "All type of view.app"; sourceTree = BUILT_PRODUCTS_DIR; };
		FA084C3F29ADB655001B1E16 /* AppDelegate.swift */ = {isa = PBXFileReference; lastKnownFileType = sourcecode.swift; path = AppDelegate.swift; sourceTree = "<group>"; };
		FA084C4129ADB655001B1E16 /* SceneDelegate.swift */ = {isa = PBXFileReference; lastKnownFileType = sourcecode.swift; path = SceneDelegate.swift; sourceTree = "<group>"; };
		FA084C4629ADB655001B1E16 /* Base */ = {isa = PBXFileReference; lastKnownFileType = file.storyboard; name = Base; path = Base.lproj/Main.storyboard; sourceTree = "<group>"; };
		FA084C4829ADB656001B1E16 /* Assets.xcassets */ = {isa = PBXFileReference; lastKnownFileType = folder.assetcatalog; path = Assets.xcassets; sourceTree = "<group>"; };
		FA084C4B29ADB656001B1E16 /* Base */ = {isa = PBXFileReference; lastKnownFileType = file.storyboard; name = Base; path = Base.lproj/LaunchScreen.storyboard; sourceTree = "<group>"; };
		FA084C4D29ADB656001B1E16 /* Info.plist */ = {isa = PBXFileReference; lastKnownFileType = text.plist.xml; path = Info.plist; sourceTree = "<group>"; };
		FA084C5429ADB86D001B1E16 /* MenuBarController.swift */ = {isa = PBXFileReference; lastKnownFileType = sourcecode.swift; path = MenuBarController.swift; sourceTree = "<group>"; };
		FA084C5629ADBA81001B1E16 /* AllInOnewViewController.swift */ = {isa = PBXFileReference; lastKnownFileType = sourcecode.swift; path = AllInOnewViewController.swift; sourceTree = "<group>"; };
		FACC1EB729ADFA470007E645 /* DemoCollectionViewController.swift */ = {isa = PBXFileReference; lastKnownFileType = sourcecode.swift; path = DemoCollectionViewController.swift; sourceTree = "<group>"; };
		FACC1EBA29ADFBC50007E645 /* TableViewCell.swift */ = {isa = PBXFileReference; lastKnownFileType = sourcecode.swift; path = TableViewCell.swift; sourceTree = "<group>"; };
		FACC1EBC29ADFF0B0007E645 /* DemoTableViewController.swift */ = {isa = PBXFileReference; lastKnownFileType = sourcecode.swift; path = DemoTableViewController.swift; sourceTree = "<group>"; };
		FACC1EBF29ADFF690007E645 /* Recipe.swift */ = {isa = PBXFileReference; lastKnownFileType = sourcecode.swift; path = Recipe.swift; sourceTree = "<group>"; };
		FACC1EC229ADFF8A0007E645 /* egg_benedict.jpg */ = {isa = PBXFileReference; lastKnownFileType = image.jpeg; path = egg_benedict.jpg; sourceTree = "<group>"; };
		FACC1EC329ADFF8A0007E645 /* thai_shrimp_cake.jpg */ = {isa = PBXFileReference; lastKnownFileType = image.jpeg; path = thai_shrimp_cake.jpg; sourceTree = "<group>"; };
		FACC1EC429ADFF8A0007E645 /* vegetable_curry.jpg */ = {isa = PBXFileReference; lastKnownFileType = image.jpeg; path = vegetable_curry.jpg; sourceTree = "<group>"; };
		FACC1EC529ADFF8A0007E645 /* green_tea.jpg */ = {isa = PBXFileReference; lastKnownFileType = image.jpeg; path = green_tea.jpg; sourceTree = "<group>"; };
		FACC1EC629ADFF8A0007E645 /* white_chocolate_donut.jpg */ = {isa = PBXFileReference; lastKnownFileType = image.jpeg; path = white_chocolate_donut.jpg; sourceTree = "<group>"; };
		FACC1EC729ADFF8A0007E645 /* ham_and_egg_sandwich.jpg */ = {isa = PBXFileReference; lastKnownFileType = image.jpeg; path = ham_and_egg_sandwich.jpg; sourceTree = "<group>"; };
		FACC1EC829ADFF8A0007E645 /* creme_brelee.jpg */ = {isa = PBXFileReference; lastKnownFileType = image.jpeg; path = creme_brelee.jpg; sourceTree = "<group>"; };
		FACC1EC929ADFF8A0007E645 /* hamburger.jpg */ = {isa = PBXFileReference; lastKnownFileType = image.jpeg; path = hamburger.jpg; sourceTree = "<group>"; };
		FACC1ECA29ADFF8A0007E645 /* angry_birds_cake.jpg */ = {isa = PBXFileReference; lastKnownFileType = image.jpeg; path = angry_birds_cake.jpg; sourceTree = "<group>"; };
		FACC1ECB29ADFF8A0007E645 /* full_breakfast.jpg */ = {isa = PBXFileReference; lastKnownFileType = image.jpeg; path = full_breakfast.jpg; sourceTree = "<group>"; };
		FACC1ECC29ADFF8A0007E645 /* mushroom_risotto.jpg */ = {isa = PBXFileReference; lastKnownFileType = image.jpeg; path = mushroom_risotto.jpg; sourceTree = "<group>"; };
		FACC1ECD29ADFF8A0007E645 /* starbucks_coffee.jpg */ = {isa = PBXFileReference; lastKnownFileType = image.jpeg; path = starbucks_coffee.jpg; sourceTree = "<group>"; };
		FACC1ECE29ADFF8A0007E645 /* japanese_noodle_with_pork.jpg */ = {isa = PBXFileReference; lastKnownFileType = image.jpeg; path = japanese_noodle_with_pork.jpg; sourceTree = "<group>"; };
		FACC1ECF29ADFF8A0007E645 /* instant_noodle_with_egg.jpg */ = {isa = PBXFileReference; lastKnownFileType = image.jpeg; path = instant_noodle_with_egg.jpg; sourceTree = "<group>"; };
		FACC1ED029ADFF8A0007E645 /* ham_and_cheese_panini.jpg */ = {isa = PBXFileReference; lastKnownFileType = image.jpeg; path = ham_and_cheese_panini.jpg; sourceTree = "<group>"; };
		FACC1ED129ADFF8A0007E645 /* noodle_with_bbq_pork.jpg */ = {isa = PBXFileReference; lastKnownFileType = image.jpeg; path = noodle_with_bbq_pork.jpg; sourceTree = "<group>"; };
		FACC1EE229AE00E40007E645 /* DemoCollectionViewCell.swift */ = {isa = PBXFileReference; lastKnownFileType = sourcecode.swift; path = DemoCollectionViewCell.swift; sourceTree = "<group>"; };
		FACC1EE429AE08160007E645 /* PickerViewController.swift */ = {isa = PBXFileReference; lastKnownFileType = sourcecode.swift; path = PickerViewController.swift; sourceTree = "<group>"; };
/* End PBXFileReference section */

/* Begin PBXFrameworksBuildPhase section */
		FA084C3929ADB655001B1E16 /* Frameworks */ = {
			isa = PBXFrameworksBuildPhase;
			buildActionMask = 2147483647;
			files = (
			);
			runOnlyForDeploymentPostprocessing = 0;
		};
/* End PBXFrameworksBuildPhase section */

/* Begin PBXGroup section */
		FA084C3329ADB655001B1E16 = {
			isa = PBXGroup;
			children = (
				FA084C3E29ADB655001B1E16 /* All type of view */,
				FA084C3D29ADB655001B1E16 /* Products */,
			);
			sourceTree = "<group>";
		};
		FA084C3D29ADB655001B1E16 /* Products */ = {
			isa = PBXGroup;
			children = (
				FA084C3C29ADB655001B1E16 /* All type of view.app */,
			);
			name = Products;
			sourceTree = "<group>";
		};
		FA084C3E29ADB655001B1E16 /* All type of view */ = {
			isa = PBXGroup;
			children = (
				FACC1EBE29ADFF570007E645 /* Model */,
				FA084C5329ADB724001B1E16 /* View */,
				FACC1EC129ADFF8A0007E645 /* Images */,
				FA084C3F29ADB655001B1E16 /* AppDelegate.swift */,
				FA084C4129ADB655001B1E16 /* SceneDelegate.swift */,
				FA084C4529ADB655001B1E16 /* Main.storyboard */,
				FA084C4829ADB656001B1E16 /* Assets.xcassets */,
				FA084C4A29ADB656001B1E16 /* LaunchScreen.storyboard */,
				FA084C4D29ADB656001B1E16 /* Info.plist */,
			);
			path = "All type of view";
			sourceTree = "<group>";
		};
		FA084C5329ADB724001B1E16 /* View */ = {
			isa = PBXGroup;
			children = (
				FA084C5829ADBA86001B1E16 /* ViewController */,
				FA084C5429ADB86D001B1E16 /* MenuBarController.swift */,
			);
			path = View;
			sourceTree = "<group>";
		};
		FA084C5829ADBA86001B1E16 /* ViewController */ = {
			isa = PBXGroup;
			children = (
				FACC1EB929ADFB7D0007E645 /* Custom View */,
				FA084C5629ADBA81001B1E16 /* AllInOnewViewController.swift */,
				FACC1EB729ADFA470007E645 /* DemoCollectionViewController.swift */,
				FACC1EBC29ADFF0B0007E645 /* DemoTableViewController.swift */,
				FACC1EE429AE08160007E645 /* PickerViewController.swift */,
			);
			path = ViewController;
			sourceTree = "<group>";
		};
		FACC1EB929ADFB7D0007E645 /* Custom View */ = {
			isa = PBXGroup;
			children = (
				FACC1EBA29ADFBC50007E645 /* TableViewCell.swift */,
				FACC1EE229AE00E40007E645 /* DemoCollectionViewCell.swift */,
			);
			path = "Custom View";
			sourceTree = "<group>";
		};
		FACC1EBE29ADFF570007E645 /* Model */ = {
			isa = PBXGroup;
			children = (
				FACC1EBF29ADFF690007E645 /* Recipe.swift */,
			);
			path = Model;
			sourceTree = "<group>";
		};
		FACC1EC129ADFF8A0007E645 /* Images */ = {
			isa = PBXGroup;
			children = (
				FACC1EC229ADFF8A0007E645 /* egg_benedict.jpg */,
				FACC1EC329ADFF8A0007E645 /* thai_shrimp_cake.jpg */,
				FACC1EC429ADFF8A0007E645 /* vegetable_curry.jpg */,
				FACC1EC529ADFF8A0007E645 /* green_tea.jpg */,
				FACC1EC629ADFF8A0007E645 /* white_chocolate_donut.jpg */,
				FACC1EC729ADFF8A0007E645 /* ham_and_egg_sandwich.jpg */,
				FACC1EC829ADFF8A0007E645 /* creme_brelee.jpg */,
				FACC1EC929ADFF8A0007E645 /* hamburger.jpg */,
				FACC1ECA29ADFF8A0007E645 /* angry_birds_cake.jpg */,
				FACC1ECB29ADFF8A0007E645 /* full_breakfast.jpg */,
				FACC1ECC29ADFF8A0007E645 /* mushroom_risotto.jpg */,
				FACC1ECD29ADFF8A0007E645 /* starbucks_coffee.jpg */,
				FACC1ECE29ADFF8A0007E645 /* japanese_noodle_with_pork.jpg */,
				FACC1ECF29ADFF8A0007E645 /* instant_noodle_with_egg.jpg */,
				FACC1ED029ADFF8A0007E645 /* ham_and_cheese_panini.jpg */,
				FACC1ED129ADFF8A0007E645 /* noodle_with_bbq_pork.jpg */,
			);
			path = Images;
			sourceTree = "<group>";
		};
/* End PBXGroup section */

/* Begin PBXNativeTarget section */
		FA084C3B29ADB655001B1E16 /* All type of view */ = {
			isa = PBXNativeTarget;
			buildConfigurationList = FA084C5029ADB656001B1E16 /* Build configuration list for PBXNativeTarget "All type of view" */;
			buildPhases = (
				FA084C3829ADB655001B1E16 /* Sources */,
				FA084C3929ADB655001B1E16 /* Frameworks */,
				FA084C3A29ADB655001B1E16 /* Resources */,
			);
			buildRules = (
			);
			dependencies = (
			);
			name = "All type of view";
			productName = "All type of view";
			productReference = FA084C3C29ADB655001B1E16 /* All type of view.app */;
			productType = "com.apple.product-type.application";
		};
/* End PBXNativeTarget section */

/* Begin PBXProject section */
		FA084C3429ADB655001B1E16 /* Project object */ = {
			isa = PBXProject;
			attributes = {
				BuildIndependentTargetsInParallel = 1;
				LastSwiftUpdateCheck = 1320;
				LastUpgradeCheck = 1320;
				TargetAttributes = {
					FA084C3B29ADB655001B1E16 = {
						CreatedOnToolsVersion = 13.2.1;
					};
				};
			};
			buildConfigurationList = FA084C3729ADB655001B1E16 /* Build configuration list for PBXProject "All type of view" */;
			compatibilityVersion = "Xcode 13.0";
			developmentRegion = en;
			hasScannedForEncodings = 0;
			knownRegions = (
				en,
				Base,
			);
			mainGroup = FA084C3329ADB655001B1E16;
			productRefGroup = FA084C3D29ADB655001B1E16 /* Products */;
			projectDirPath = "";
			projectRoot = "";
			targets = (
				FA084C3B29ADB655001B1E16 /* All type of view */,
			);
		};
/* End PBXProject section */

/* Begin PBXResourcesBuildPhase section */
		FA084C3A29ADB655001B1E16 /* Resources */ = {
			isa = PBXResourcesBuildPhase;
			buildActionMask = 2147483647;
			files = (
				FACC1EDD29ADFF8A0007E645 /* starbucks_coffee.jpg in Resources */,
				FACC1ED529ADFF8A0007E645 /* green_tea.jpg in Resources */,
				FACC1EDF29ADFF8A0007E645 /* instant_noodle_with_egg.jpg in Resources */,
				FACC1ED829ADFF8A0007E645 /* creme_brelee.jpg in Resources */,
				FACC1EDA29ADFF8A0007E645 /* angry_birds_cake.jpg in Resources */,
				FA084C4C29ADB656001B1E16 /* LaunchScreen.storyboard in Resources */,
				FACC1EE029ADFF8A0007E645 /* ham_and_cheese_panini.jpg in Resources */,
				FA084C4929ADB656001B1E16 /* Assets.xcassets in Resources */,
				FACC1EDB29ADFF8A0007E645 /* full_breakfast.jpg in Resources */,
				FACC1ED929ADFF8A0007E645 /* hamburger.jpg in Resources */,
				FACC1ED629ADFF8A0007E645 /* white_chocolate_donut.jpg in Resources */,
				FACC1EDE29ADFF8A0007E645 /* japanese_noodle_with_pork.jpg in Resources */,
				FACC1ED729ADFF8A0007E645 /* ham_and_egg_sandwich.jpg in Resources */,
				FA084C4729ADB655001B1E16 /* Main.storyboard in Resources */,
				FACC1EDC29ADFF8A0007E645 /* mushroom_risotto.jpg in Resources */,
				FACC1ED429ADFF8A0007E645 /* vegetable_curry.jpg in Resources */,
				FACC1EE129ADFF8A0007E645 /* noodle_with_bbq_pork.jpg in Resources */,
				FACC1ED329ADFF8A0007E645 /* thai_shrimp_cake.jpg in Resources */,
				FACC1ED229ADFF8A0007E645 /* egg_benedict.jpg in Resources */,
			);
			runOnlyForDeploymentPostprocessing = 0;
		};
/* End PBXResourcesBuildPhase section */

/* Begin PBXSourcesBuildPhase section */
		FA084C3829ADB655001B1E16 /* Sources */ = {
			isa = PBXSourcesBuildPhase;
			buildActionMask = 2147483647;
			files = (
				FACC1EE529AE08160007E645 /* PickerViewController.swift in Sources */,
				FA084C5729ADBA81001B1E16 /* AllInOnewViewController.swift in Sources */,
				FACC1EE329AE00E40007E645 /* DemoCollectionViewCell.swift in Sources */,
				FA084C4029ADB655001B1E16 /* AppDelegate.swift in Sources */,
				FA084C5529ADB86D001B1E16 /* MenuBarController.swift in Sources */,
				FA084C4229ADB655001B1E16 /* SceneDelegate.swift in Sources */,
				FACC1EBB29ADFBC50007E645 /* TableViewCell.swift in Sources */,
				FACC1EB829ADFA470007E645 /* DemoCollectionViewController.swift in Sources */,
				FACC1EBD29ADFF0B0007E645 /* DemoTableViewController.swift in Sources */,
				FACC1EC029ADFF690007E645 /* Recipe.swift in Sources */,
			);
			runOnlyForDeploymentPostprocessing = 0;
		};
/* End PBXSourcesBuildPhase section */

/* Begin PBXVariantGroup section */
		FA084C4529ADB655001B1E16 /* Main.storyboard */ = {
			isa = PBXVariantGroup;
			children = (
				FA084C4629ADB655001B1E16 /* Base */,
			);
			name = Main.storyboard;
			sourceTree = "<group>";
		};
		FA084C4A29ADB656001B1E16 /* LaunchScreen.storyboard */ = {
			isa = PBXVariantGroup;
			children = (
				FA084C4B29ADB656001B1E16 /* Base */,
			);
			name = LaunchScreen.storyboard;
			sourceTree = "<group>";
		};
/* End PBXVariantGroup section */

/* Begin XCBuildConfiguration section */
		FA084C4E29ADB656001B1E16 /* Debug */ = {
			isa = XCBuildConfiguration;
			buildSettings = {
				ALWAYS_SEARCH_USER_PATHS = NO;
				CLANG_ANALYZER_NONNULL = YES;
				CLANG_ANALYZER_NUMBER_OBJECT_CONVERSION = YES_AGGRESSIVE;
				CLANG_CXX_LANGUAGE_STANDARD = "gnu++17";
				CLANG_CXX_LIBRARY = "libc++";
				CLANG_ENABLE_MODULES = YES;
				CLANG_ENABLE_OBJC_ARC = YES;
				CLANG_ENABLE_OBJC_WEAK = YES;
				CLANG_WARN_BLOCK_CAPTURE_AUTORELEASING = YES;
				CLANG_WARN_BOOL_CONVERSION = YES;
				CLANG_WARN_COMMA = YES;
				CLANG_WARN_CONSTANT_CONVERSION = YES;
				CLANG_WARN_DEPRECATED_OBJC_IMPLEMENTATIONS = YES;
				CLANG_WARN_DIRECT_OBJC_ISA_USAGE = YES_ERROR;
				CLANG_WARN_DOCUMENTATION_COMMENTS = YES;
				CLANG_WARN_EMPTY_BODY = YES;
				CLANG_WARN_ENUM_CONVERSION = YES;
				CLANG_WARN_INFINITE_RECURSION = YES;
				CLANG_WARN_INT_CONVERSION = YES;
				CLANG_WARN_NON_LITERAL_NULL_CONVERSION = YES;
				CLANG_WARN_OBJC_IMPLICIT_RETAIN_SELF = YES;
				CLANG_WARN_OBJC_LITERAL_CONVERSION = YES;
				CLANG_WARN_OBJC_ROOT_CLASS = YES_ERROR;
				CLANG_WARN_QUOTED_INCLUDE_IN_FRAMEWORK_HEADER = YES;
				CLANG_WARN_RANGE_LOOP_ANALYSIS = YES;
				CLANG_WARN_STRICT_PROTOTYPES = YES;
				CLANG_WARN_SUSPICIOUS_MOVE = YES;
				CLANG_WARN_UNGUARDED_AVAILABILITY = YES_AGGRESSIVE;
				CLANG_WARN_UNREACHABLE_CODE = YES;
				CLANG_WARN__DUPLICATE_METHOD_MATCH = YES;
				COPY_PHASE_STRIP = NO;
				DEBUG_INFORMATION_FORMAT = dwarf;
				ENABLE_STRICT_OBJC_MSGSEND = YES;
				ENABLE_TESTABILITY = YES;
				GCC_C_LANGUAGE_STANDARD = gnu11;
				GCC_DYNAMIC_NO_PIC = NO;
				GCC_NO_COMMON_BLOCKS = YES;
				GCC_OPTIMIZATION_LEVEL = 0;
				GCC_PREPROCESSOR_DEFINITIONS = (
					"DEBUG=1",
					"$(inherited)",
				);
				GCC_WARN_64_TO_32_BIT_CONVERSION = YES;
				GCC_WARN_ABOUT_RETURN_TYPE = YES_ERROR;
				GCC_WARN_UNDECLARED_SELECTOR = YES;
				GCC_WARN_UNINITIALIZED_AUTOS = YES_AGGRESSIVE;
				GCC_WARN_UNUSED_FUNCTION = YES;
				GCC_WARN_UNUSED_VARIABLE = YES;
				IPHONEOS_DEPLOYMENT_TARGET = 15.2;
				MTL_ENABLE_DEBUG_INFO = INCLUDE_SOURCE;
				MTL_FAST_MATH = YES;
				ONLY_ACTIVE_ARCH = YES;
				SDKROOT = iphoneos;
				SWIFT_ACTIVE_COMPILATION_CONDITIONS = DEBUG;
				SWIFT_OPTIMIZATION_LEVEL = "-Onone";
			};
			name = Debug;
		};
		FA084C4F29ADB656001B1E16 /* Release */ = {
			isa = XCBuildConfiguration;
			buildSettings = {
				ALWAYS_SEARCH_USER_PATHS = NO;
				CLANG_ANALYZER_NONNULL = YES;
				CLANG_ANALYZER_NUMBER_OBJECT_CONVERSION = YES_AGGRESSIVE;
				CLANG_CXX_LANGUAGE_STANDARD = "gnu++17";
				CLANG_CXX_LIBRARY = "libc++";
				CLANG_ENABLE_MODULES = YES;
				CLANG_ENABLE_OBJC_ARC = YES;
				CLANG_ENABLE_OBJC_WEAK = YES;
				CLANG_WARN_BLOCK_CAPTURE_AUTORELEASING = YES;
				CLANG_WARN_BOOL_CONVERSION = YES;
				CLANG_WARN_COMMA = YES;
				CLANG_WARN_CONSTANT_CONVERSION = YES;
				CLANG_WARN_DEPRECATED_OBJC_IMPLEMENTATIONS = YES;
				CLANG_WARN_DIRECT_OBJC_ISA_USAGE = YES_ERROR;
				CLANG_WARN_DOCUMENTATION_COMMENTS = YES;
				CLANG_WARN_EMPTY_BODY = YES;
				CLANG_WARN_ENUM_CONVERSION = YES;
				CLANG_WARN_INFINITE_RECURSION = YES;
				CLANG_WARN_INT_CONVERSION = YES;
				CLANG_WARN_NON_LITERAL_NULL_CONVERSION = YES;
				CLANG_WARN_OBJC_IMPLICIT_RETAIN_SELF = YES;
				CLANG_WARN_OBJC_LITERAL_CONVERSION = YES;
				CLANG_WARN_OBJC_ROOT_CLASS = YES_ERROR;
				CLANG_WARN_QUOTED_INCLUDE_IN_FRAMEWORK_HEADER = YES;
				CLANG_WARN_RANGE_LOOP_ANALYSIS = YES;
				CLANG_WARN_STRICT_PROTOTYPES = YES;
				CLANG_WARN_SUSPICIOUS_MOVE = YES;
				CLANG_WARN_UNGUARDED_AVAILABILITY = YES_AGGRESSIVE;
				CLANG_WARN_UNREACHABLE_CODE = YES;
				CLANG_WARN__DUPLICATE_METHOD_MATCH = YES;
				COPY_PHASE_STRIP = NO;
				DEBUG_INFORMATION_FORMAT = "dwarf-with-dsym";
				ENABLE_NS_ASSERTIONS = NO;
				ENABLE_STRICT_OBJC_MSGSEND = YES;
				GCC_C_LANGUAGE_STANDARD = gnu11;
				GCC_NO_COMMON_BLOCKS = YES;
				GCC_WARN_64_TO_32_BIT_CONVERSION = YES;
				GCC_WARN_ABOUT_RETURN_TYPE = YES_ERROR;
				GCC_WARN_UNDECLARED_SELECTOR = YES;
				GCC_WARN_UNINITIALIZED_AUTOS = YES_AGGRESSIVE;
				GCC_WARN_UNUSED_FUNCTION = YES;
				GCC_WARN_UNUSED_VARIABLE = YES;
				IPHONEOS_DEPLOYMENT_TARGET = 15.2;
				MTL_ENABLE_DEBUG_INFO = NO;
				MTL_FAST_MATH = YES;
				SDKROOT = iphoneos;
				SWIFT_COMPILATION_MODE = wholemodule;
				SWIFT_OPTIMIZATION_LEVEL = "-O";
				VALIDATE_PRODUCT = YES;
			};
			name = Release;
		};
		FA084C5129ADB656001B1E16 /* Debug */ = {
			isa = XCBuildConfiguration;
			buildSettings = {
				ASSETCATALOG_COMPILER_APPICON_NAME = AppIcon;
				ASSETCATALOG_COMPILER_GLOBAL_ACCENT_COLOR_NAME = AccentColor;
				CODE_SIGN_STYLE = Automatic;
				CURRENT_PROJECT_VERSION = 1;
				DEVELOPMENT_TEAM = K6BJ9JXQPF;
				GENERATE_INFOPLIST_FILE = YES;
				INFOPLIST_FILE = "All type of view/Info.plist";
				INFOPLIST_KEY_UIApplicationSupportsIndirectInputEvents = YES;
				INFOPLIST_KEY_UILaunchStoryboardName = LaunchScreen;
				INFOPLIST_KEY_UIMainStoryboardFile = Main;
				INFOPLIST_KEY_UISupportedInterfaceOrientations = UIInterfaceOrientationPortrait;
				INFOPLIST_KEY_UISupportedInterfaceOrientations_iPad = "UIInterfaceOrientationPortrait UIInterfaceOrientationPortraitUpsideDown UIInterfaceOrientationLandscapeLeft UIInterfaceOrientationLandscapeRight";
				INFOPLIST_KEY_UISupportedInterfaceOrientations_iPhone = "UIInterfaceOrientationPortrait UIInterfaceOrientationLandscapeLeft UIInterfaceOrientationLandscapeRight";
				IPHONEOS_DEPLOYMENT_TARGET = 15.0;
				LD_RUNPATH_SEARCH_PATHS = (
					"$(inherited)",
					"@executable_path/Frameworks",
				);
				MARKETING_VERSION = 1.0;
				PRODUCT_BUNDLE_IDENTIFIER = "com.systemsApp.All-type-of-view";
				PRODUCT_NAME = "$(TARGET_NAME)";
				SWIFT_EMIT_LOC_STRINGS = YES;
				SWIFT_VERSION = 5.0;
				TARGETED_DEVICE_FAMILY = 1;
			};
			name = Debug;
		};
		FA084C5229ADB656001B1E16 /* Release */ = {
			isa = XCBuildConfiguration;
			buildSettings = {
				ASSETCATALOG_COMPILER_APPICON_NAME = AppIcon;
				ASSETCATALOG_COMPILER_GLOBAL_ACCENT_COLOR_NAME = AccentColor;
				CODE_SIGN_STYLE = Automatic;
				CURRENT_PROJECT_VERSION = 1;
				DEVELOPMENT_TEAM = K6BJ9JXQPF;
				GENERATE_INFOPLIST_FILE = YES;
				INFOPLIST_FILE = "All type of view/Info.plist";
				INFOPLIST_KEY_UIApplicationSupportsIndirectInputEvents = YES;
				INFOPLIST_KEY_UILaunchStoryboardName = LaunchScreen;
				INFOPLIST_KEY_UIMainStoryboardFile = Main;
				INFOPLIST_KEY_UISupportedInterfaceOrientations = UIInterfaceOrientationPortrait;
				INFOPLIST_KEY_UISupportedInterfaceOrientations_iPad = "UIInterfaceOrientationPortrait UIInterfaceOrientationPortraitUpsideDown UIInterfaceOrientationLandscapeLeft UIInterfaceOrientationLandscapeRight";
				INFOPLIST_KEY_UISupportedInterfaceOrientations_iPhone = "UIInterfaceOrientationPortrait UIInterfaceOrientationLandscapeLeft UIInterfaceOrientationLandscapeRight";
				IPHONEOS_DEPLOYMENT_TARGET = 15.0;
				LD_RUNPATH_SEARCH_PATHS = (
					"$(inherited)",
					"@executable_path/Frameworks",
				);
				MARKETING_VERSION = 1.0;
				PRODUCT_BUNDLE_IDENTIFIER = "com.systemsApp.All-type-of-view";
				PRODUCT_NAME = "$(TARGET_NAME)";
				SWIFT_EMIT_LOC_STRINGS = YES;
				SWIFT_VERSION = 5.0;
				TARGETED_DEVICE_FAMILY = 1;
			};
			name = Release;
		};
/* End XCBuildConfiguration section */

/* Begin XCConfigurationList section */
		FA084C3729ADB655001B1E16 /* Build configuration list for PBXProject "All type of view" */ = {
			isa = XCConfigurationList;
			buildConfigurations = (
				FA084C4E29ADB656001B1E16 /* Debug */,
				FA084C4F29ADB656001B1E16 /* Release */,
			);
			defaultConfigurationIsVisible = 0;
			defaultConfigurationName = Release;
		};
		FA084C5029ADB656001B1E16 /* Build configuration list for PBXNativeTarget "All type of view" */ = {
			isa = XCConfigurationList;
			buildConfigurations = (
				FA084C5129ADB656001B1E16 /* Debug */,
				FA084C5229ADB656001B1E16 /* Release */,
			);
			defaultConfigurationIsVisible = 0;
			defaultConfigurationName = Release;
		};
/* End XCConfigurationList section */
	};
	rootObject = FA084C3429ADB655001B1E16 /* Project object */;
}
